
Microsoft Visual Studio Solution File, Format Version 12.00
# Visual Studio Version 17
VisualStudioVersion = 17.5.33424.131
MinimumVisualStudioVersion = 10.0.40219.1
Project("{FAE04EC0-301F-11D3-BF4B-00C04F79EFBC}") = "DVLD", "DVLD.csproj", "{387E4B91-84E2-4D09-B747-9191889F9FF9}"
EndProject
Project("{2150E333-8FDC-42A3-9474-1A3956D46DE8}") = "BL", "BL", "{33BBFDB9-290D-454D-9675-1C70A2B2D0D8}"
EndProject
Project("{2150E333-8FDC-42A3-9474-1A3956D46DE8}") = "DL", "DL", "{58DEC501-FFCC-46E6-9ED3-3B7F751ECEB3}"
EndProject
Project("{FAE04EC0-301F-11D3-BF4B-00C04F79EFBC}") = "PeopleDL", "..\PeopleDL\PeopleDL.csproj", "{BB8353B9-DFAC-4E04-B2ED-E309F31BF2C8}"
EndProject
Project("{FAE04EC0-301F-11D3-BF4B-00C04F79EFBC}") = "PeopleBL", "..\PeopleBL\PeopleBL.csproj", "{0C7C2F79-36EB-4308-9F88-A93F54D5A30E}"
EndProject
Project("{FAE04EC0-301F-11D3-BF4B-00C04F79EFBC}") = "CountriesDL", "..\CountriesDL\CountriesDL.csproj", "{BFEDEF4A-CBAC-4D9A-9F98-36106D3FFFD5}"
EndProject
Project("{FAE04EC0-301F-11D3-BF4B-00C04F79EFBC}") = "CountriesBL", "..\CountriesBL\CountriesBL.csproj", "{2F290F6E-2084-4247-B9F2-C73E148C9DD9}"
EndProject
Project("{FAE04EC0-301F-11D3-BF4B-00C04F79EFBC}") = "UsersDL", "UsersDL\UsersDL.csproj", "{CEE49165-E12E-4F5E-88CC-4CA317707B55}"
EndProject
Project("{FAE04EC0-301F-11D3-BF4B-00C04F79EFBC}") = "UsersBL", "UsersBL\UsersBL.csproj", "{8325C315-C4E9-4878-A2BB-8C89C58336D3}"
EndProject
Project("{FAE04EC0-301F-11D3-BF4B-00C04F79EFBC}") = "ApplicationTypesDL", "DL\ApplicationTypesDL\ApplicationTypesDL.csproj", "{33A35697-0C1E-414E-9866-A74ECDC0C47D}"
EndProject
Project("{FAE04EC0-301F-11D3-BF4B-00C04F79EFBC}") = "ApplicationTypesBL", "BL\ApplicationTypesBL\ApplicationTypesBL.csproj", "{A1405205-494B-4DFA-B18C-619BD564D903}"
EndProject
Project("{FAE04EC0-301F-11D3-BF4B-00C04F79EFBC}") = "TestTypesDL", "DL\TestTypesDL\TestTypesDL.csproj", "{5A7F8C7D-E9C4-4499-8FF3-940677066D03}"
EndProject
Project("{FAE04EC0-301F-11D3-BF4B-00C04F79EFBC}") = "TestTypesBL", "BL\TestTypesBL\TestTypesBL.csproj", "{1180A08D-E211-45E9-842B-B68470C46BBF}"
EndProject
Project("{FAE04EC0-301F-11D3-BF4B-00C04F79EFBC}") = "LocalDrivingLicenseApplicationsDL", "DL\LocalDrivingLicenseApplicationsDL\LocalDrivingLicenseApplicationsDL.csproj", "{BDAA2898-DAF0-4320-8A18-60FCE36ECC9D}"
EndProject
Project("{FAE04EC0-301F-11D3-BF4B-00C04F79EFBC}") = "LocalDrivingLicenseApplicationsBL", "BL\LocalDrivingLicenseApplicationsBL\LocalDrivingLicenseApplicationsBL.csproj", "{64C305A9-DD3A-496D-81D3-104670FD48FC}"
EndProject
Project("{FAE04EC0-301F-11D3-BF4B-00C04F79EFBC}") = "ApplicationsDL", "DL\ApplicationsDL\ApplicationsDL.csproj", "{FD590FD3-AFD3-4C80-93F4-C7E5EE6D3E3A}"
EndProject
Project("{FAE04EC0-301F-11D3-BF4B-00C04F79EFBC}") = "ApplicationsBL", "BL\ApplicationsBL\ApplicationsBL.csproj", "{B25C8978-8A96-4199-BE74-678EE29B5213}"
EndProject
Project("{FAE04EC0-301F-11D3-BF4B-00C04F79EFBC}") = "DriversDL", "DL\DriversDL\DriversDL.csproj", "{FC76DA59-779C-491F-BB9F-A0EFB1AE5AD6}"
EndProject
Project("{FAE04EC0-301F-11D3-BF4B-00C04F79EFBC}") = "DriversBL", "BL\DriversBL\DriversBL.csproj", "{07747C4D-81F5-46B8-94D6-F5D87B286ECE}"
EndProject
Project("{FAE04EC0-301F-11D3-BF4B-00C04F79EFBC}") = "LicensesDL", "DL\LicensesDL\LicensesDL.csproj", "{AB91B643-0B7E-46CF-A03D-CE43EE75C630}"
EndProject
Project("{FAE04EC0-301F-11D3-BF4B-00C04F79EFBC}") = "LicensesBL", "BL\LicensesBL\LicensesBL.csproj", "{C240F931-35FC-463D-8EFB-5B644D30F7BC}"
EndProject
Project("{FAE04EC0-301F-11D3-BF4B-00C04F79EFBC}") = "LicenseClassesBL", "BL\LicenseClassesBL\LicenseClassesBL.csproj", "{429B8A98-855A-4BA0-A18F-2FF6C0B7D81A}"
EndProject
Project("{FAE04EC0-301F-11D3-BF4B-00C04F79EFBC}") = "LicenseClassesDL", "DL\LicenseClassesDL\LicenseClassesDL.csproj", "{0601CB08-819D-4CD8-811D-13EE98125D70}"
EndProject
Project("{FAE04EC0-301F-11D3-BF4B-00C04F79EFBC}") = "TestsDL", "DL\TestsDL\TestsDL.csproj", "{651E9E45-C873-47C6-89C3-6D215531B845}"
EndProject
Project("{FAE04EC0-301F-11D3-BF4B-00C04F79EFBC}") = "TestsBL", "BL\TestsBL\TestsBL.csproj", "{4F693C7D-C41B-435B-A447-F83CC5169086}"
EndProject
Project("{FAE04EC0-301F-11D3-BF4B-00C04F79EFBC}") = "TestAppointmentsDL", "DL\TestAppointmentsDL\TestAppointmentsDL.csproj", "{82CAA52A-01A6-4C5C-89B9-88DB395AA402}"
EndProject
Project("{FAE04EC0-301F-11D3-BF4B-00C04F79EFBC}") = "TestAppointmentsBL", "BL\TestAppointmentsBL\TestAppointmentsBL.csproj", "{A58FA472-A083-4F0D-B73E-3A4ADB8345FB}"
EndProject
Project("{FAE04EC0-301F-11D3-BF4B-00C04F79EFBC}") = "InternationalLicensesDL", "DL\InternationalLicensesDL\InternationalLicensesDL.csproj", "{A9E9267E-28F8-4E0C-BCF8-CBCA88FF8B58}"
EndProject
Project("{FAE04EC0-301F-11D3-BF4B-00C04F79EFBC}") = "InternationalLicensesBL", "BL\InternationalLicensesBL\InternationalLicensesBL.csproj", "{98638A7A-7D26-470B-82BB-60870551CAAB}"
EndProject
Project("{FAE04EC0-301F-11D3-BF4B-00C04F79EFBC}") = "DetainedLicensesDL", "DL\DetainedLicensesDL\DetainedLicensesDL.csproj", "{F3B9C08D-A119-422B-A8D9-53E6965C73B1}"
EndProject
Project("{FAE04EC0-301F-11D3-BF4B-00C04F79EFBC}") = "DetainedLicensesBL", "BL\DetainedLicensesBL\DetainedLicensesBL.csproj", "{235D3E84-B6B2-48F9-84AC-6E3C58D53D5D}"
EndProject
Global
	GlobalSection(SolutionConfigurationPlatforms) = preSolution
		Debug|Any CPU = Debug|Any CPU
		Release|Any CPU = Release|Any CPU
	EndGlobalSection
	GlobalSection(ProjectConfigurationPlatforms) = postSolution
		{387E4B91-84E2-4D09-B747-9191889F9FF9}.Debug|Any CPU.ActiveCfg = Debug|Any CPU
		{387E4B91-84E2-4D09-B747-9191889F9FF9}.Debug|Any CPU.Build.0 = Debug|Any CPU
		{387E4B91-84E2-4D09-B747-9191889F9FF9}.Release|Any CPU.ActiveCfg = Release|Any CPU
		{387E4B91-84E2-4D09-B747-9191889F9FF9}.Release|Any CPU.Build.0 = Release|Any CPU
		{BB8353B9-DFAC-4E04-B2ED-E309F31BF2C8}.Debug|Any CPU.ActiveCfg = Debug|Any CPU
		{BB8353B9-DFAC-4E04-B2ED-E309F31BF2C8}.Debug|Any CPU.Build.0 = Debug|Any CPU
		{BB8353B9-DFAC-4E04-B2ED-E309F31BF2C8}.Release|Any CPU.ActiveCfg = Release|Any CPU
		{BB8353B9-DFAC-4E04-B2ED-E309F31BF2C8}.Release|Any CPU.Build.0 = Release|Any CPU
		{0C7C2F79-36EB-4308-9F88-A93F54D5A30E}.Debug|Any CPU.ActiveCfg = Debug|Any CPU
		{0C7C2F79-36EB-4308-9F88-A93F54D5A30E}.Debug|Any CPU.Build.0 = Debug|Any CPU
		{0C7C2F79-36EB-4308-9F88-A93F54D5A30E}.Release|Any CPU.ActiveCfg = Release|Any CPU
		{0C7C2F79-36EB-4308-9F88-A93F54D5A30E}.Release|Any CPU.Build.0 = Release|Any CPU
		{BFEDEF4A-CBAC-4D9A-9F98-36106D3FFFD5}.Debug|Any CPU.ActiveCfg = Debug|Any CPU
		{BFEDEF4A-CBAC-4D9A-9F98-36106D3FFFD5}.Debug|Any CPU.Build.0 = Debug|Any CPU
		{BFEDEF4A-CBAC-4D9A-9F98-36106D3FFFD5}.Release|Any CPU.ActiveCfg = Release|Any CPU
		{BFEDEF4A-CBAC-4D9A-9F98-36106D3FFFD5}.Release|Any CPU.Build.0 = Release|Any CPU
		{2F290F6E-2084-4247-B9F2-C73E148C9DD9}.Debug|Any CPU.ActiveCfg = Debug|Any CPU
		{2F290F6E-2084-4247-B9F2-C73E148C9DD9}.Debug|Any CPU.Build.0 = Debug|Any CPU
		{2F290F6E-2084-4247-B9F2-C73E148C9DD9}.Release|Any CPU.ActiveCfg = Release|Any CPU
		{2F290F6E-2084-4247-B9F2-C73E148C9DD9}.Release|Any CPU.Build.0 = Release|Any CPU
		{CEE49165-E12E-4F5E-88CC-4CA317707B55}.Debug|Any CPU.ActiveCfg = Debug|Any CPU
		{CEE49165-E12E-4F5E-88CC-4CA317707B55}.Debug|Any CPU.Build.0 = Debug|Any CPU
		{CEE49165-E12E-4F5E-88CC-4CA317707B55}.Release|Any CPU.ActiveCfg = Release|Any CPU
		{CEE49165-E12E-4F5E-88CC-4CA317707B55}.Release|Any CPU.Build.0 = Release|Any CPU
		{8325C315-C4E9-4878-A2BB-8C89C58336D3}.Debug|Any CPU.ActiveCfg = Debug|Any CPU
		{8325C315-C4E9-4878-A2BB-8C89C58336D3}.Debug|Any CPU.Build.0 = Debug|Any CPU
		{8325C315-C4E9-4878-A2BB-8C89C58336D3}.Release|Any CPU.ActiveCfg = Release|Any CPU
		{8325C315-C4E9-4878-A2BB-8C89C58336D3}.Release|Any CPU.Build.0 = Release|Any CPU
		{33A35697-0C1E-414E-9866-A74ECDC0C47D}.Debug|Any CPU.ActiveCfg = Debug|Any CPU
		{33A35697-0C1E-414E-9866-A74ECDC0C47D}.Debug|Any CPU.Build.0 = Debug|Any CPU
		{33A35697-0C1E-414E-9866-A74ECDC0C47D}.Release|Any CPU.ActiveCfg = Release|Any CPU
		{33A35697-0C1E-414E-9866-A74ECDC0C47D}.Release|Any CPU.Build.0 = Release|Any CPU
		{A1405205-494B-4DFA-B18C-619BD564D903}.Debug|Any CPU.ActiveCfg = Debug|Any CPU
		{A1405205-494B-4DFA-B18C-619BD564D903}.Debug|Any CPU.Build.0 = Debug|Any CPU
		{A1405205-494B-4DFA-B18C-619BD564D903}.Release|Any CPU.ActiveCfg = Release|Any CPU
		{A1405205-494B-4DFA-B18C-619BD564D903}.Release|Any CPU.Build.0 = Release|Any CPU
		{5A7F8C7D-E9C4-4499-8FF3-940677066D03}.Debug|Any CPU.ActiveCfg = Debug|Any CPU
		{5A7F8C7D-E9C4-4499-8FF3-940677066D03}.Debug|Any CPU.Build.0 = Debug|Any CPU
		{5A7F8C7D-E9C4-4499-8FF3-940677066D03}.Release|Any CPU.ActiveCfg = Release|Any CPU
		{5A7F8C7D-E9C4-4499-8FF3-940677066D03}.Release|Any CPU.Build.0 = Release|Any CPU
		{1180A08D-E211-45E9-842B-B68470C46BBF}.Debug|Any CPU.ActiveCfg = Debug|Any CPU
		{1180A08D-E211-45E9-842B-B68470C46BBF}.Debug|Any CPU.Build.0 = Debug|Any CPU
		{1180A08D-E211-45E9-842B-B68470C46BBF}.Release|Any CPU.ActiveCfg = Release|Any CPU
		{1180A08D-E211-45E9-842B-B68470C46BBF}.Release|Any CPU.Build.0 = Release|Any CPU
		{BDAA2898-DAF0-4320-8A18-60FCE36ECC9D}.Debug|Any CPU.ActiveCfg = Debug|Any CPU
		{BDAA2898-DAF0-4320-8A18-60FCE36ECC9D}.Debug|Any CPU.Build.0 = Debug|Any CPU
		{BDAA2898-DAF0-4320-8A18-60FCE36ECC9D}.Release|Any CPU.ActiveCfg = Release|Any CPU
		{BDAA2898-DAF0-4320-8A18-60FCE36ECC9D}.Release|Any CPU.Build.0 = Release|Any CPU
		{64C305A9-DD3A-496D-81D3-104670FD48FC}.Debug|Any CPU.ActiveCfg = Debug|Any CPU
		{64C305A9-DD3A-496D-81D3-104670FD48FC}.Debug|Any CPU.Build.0 = Debug|Any CPU
		{64C305A9-DD3A-496D-81D3-104670FD48FC}.Release|Any CPU.ActiveCfg = Release|Any CPU
		{64C305A9-DD3A-496D-81D3-104670FD48FC}.Release|Any CPU.Build.0 = Release|Any CPU
		{FD590FD3-AFD3-4C80-93F4-C7E5EE6D3E3A}.Debug|Any CPU.ActiveCfg = Debug|Any CPU
		{FD590FD3-AFD3-4C80-93F4-C7E5EE6D3E3A}.Debug|Any CPU.Build.0 = Debug|Any CPU
		{FD590FD3-AFD3-4C80-93F4-C7E5EE6D3E3A}.Release|Any CPU.ActiveCfg = Release|Any CPU
		{FD590FD3-AFD3-4C80-93F4-C7E5EE6D3E3A}.Release|Any CPU.Build.0 = Release|Any CPU
		{B25C8978-8A96-4199-BE74-678EE29B5213}.Debug|Any CPU.ActiveCfg = Debug|Any CPU
		{B25C8978-8A96-4199-BE74-678EE29B5213}.Debug|Any CPU.Build.0 = Debug|Any CPU
		{B25C8978-8A96-4199-BE74-678EE29B5213}.Release|Any CPU.ActiveCfg = Release|Any CPU
		{B25C8978-8A96-4199-BE74-678EE29B5213}.Release|Any CPU.Build.0 = Release|Any CPU
		{FC76DA59-779C-491F-BB9F-A0EFB1AE5AD6}.Debug|Any CPU.ActiveCfg = Debug|Any CPU
		{FC76DA59-779C-491F-BB9F-A0EFB1AE5AD6}.Debug|Any CPU.Build.0 = Debug|Any CPU
		{FC76DA59-779C-491F-BB9F-A0EFB1AE5AD6}.Release|Any CPU.ActiveCfg = Release|Any CPU
		{FC76DA59-779C-491F-BB9F-A0EFB1AE5AD6}.Release|Any CPU.Build.0 = Release|Any CPU
		{07747C4D-81F5-46B8-94D6-F5D87B286ECE}.Debug|Any CPU.ActiveCfg = Debug|Any CPU
		{07747C4D-81F5-46B8-94D6-F5D87B286ECE}.Debug|Any CPU.Build.0 = Debug|Any CPU
		{07747C4D-81F5-46B8-94D6-F5D87B286ECE}.Release|Any CPU.ActiveCfg = Release|Any CPU
		{07747C4D-81F5-46B8-94D6-F5D87B286ECE}.Release|Any CPU.Build.0 = Release|Any CPU
		{AB91B643-0B7E-46CF-A03D-CE43EE75C630}.Debug|Any CPU.ActiveCfg = Debug|Any CPU
		{AB91B643-0B7E-46CF-A03D-CE43EE75C630}.Debug|Any CPU.Build.0 = Debug|Any CPU
		{AB91B643-0B7E-46CF-A03D-CE43EE75C630}.Release|Any CPU.ActiveCfg = Release|Any CPU
		{AB91B643-0B7E-46CF-A03D-CE43EE75C630}.Release|Any CPU.Build.0 = Release|Any CPU
		{C240F931-35FC-463D-8EFB-5B644D30F7BC}.Debug|Any CPU.ActiveCfg = Debug|Any CPU
		{C240F931-35FC-463D-8EFB-5B644D30F7BC}.Debug|Any CPU.Build.0 = Debug|Any CPU
		{C240F931-35FC-463D-8EFB-5B644D30F7BC}.Release|Any CPU.ActiveCfg = Release|Any CPU
		{C240F931-35FC-463D-8EFB-5B644D30F7BC}.Release|Any CPU.Build.0 = Release|Any CPU
		{429B8A98-855A-4BA0-A18F-2FF6C0B7D81A}.Debug|Any CPU.ActiveCfg = Debug|Any CPU
		{429B8A98-855A-4BA0-A18F-2FF6C0B7D81A}.Debug|Any CPU.Build.0 = Debug|Any CPU
		{429B8A98-855A-4BA0-A18F-2FF6C0B7D81A}.Release|Any CPU.ActiveCfg = Release|Any CPU
		{429B8A98-855A-4BA0-A18F-2FF6C0B7D81A}.Release|Any CPU.Build.0 = Release|Any CPU
		{0601CB08-819D-4CD8-811D-13EE98125D70}.Debug|Any CPU.ActiveCfg = Debug|Any CPU
		{0601CB08-819D-4CD8-811D-13EE98125D70}.Debug|Any CPU.Build.0 = Debug|Any CPU
		{0601CB08-819D-4CD8-811D-13EE98125D70}.Release|Any CPU.ActiveCfg = Release|Any CPU
		{0601CB08-819D-4CD8-811D-13EE98125D70}.Release|Any CPU.Build.0 = Release|Any CPU
		{651E9E45-C873-47C6-89C3-6D215531B845}.Debug|Any CPU.ActiveCfg = Debug|Any CPU
		{651E9E45-C873-47C6-89C3-6D215531B845}.Debug|Any CPU.Build.0 = Debug|Any CPU
		{651E9E45-C873-47C6-89C3-6D215531B845}.Release|Any CPU.ActiveCfg = Release|Any CPU
		{651E9E45-C873-47C6-89C3-6D215531B845}.Release|Any CPU.Build.0 = Release|Any CPU
		{4F693C7D-C41B-435B-A447-F83CC5169086}.Debug|Any CPU.ActiveCfg = Debug|Any CPU
		{4F693C7D-C41B-435B-A447-F83CC5169086}.Debug|Any CPU.Build.0 = Debug|Any CPU
		{4F693C7D-C41B-435B-A447-F83CC5169086}.Release|Any CPU.ActiveCfg = Release|Any CPU
		{4F693C7D-C41B-435B-A447-F83CC5169086}.Release|Any CPU.Build.0 = Release|Any CPU
		{82CAA52A-01A6-4C5C-89B9-88DB395AA402}.Debug|Any CPU.ActiveCfg = Debug|Any CPU
		{82CAA52A-01A6-4C5C-89B9-88DB395AA402}.Debug|Any CPU.Build.0 = Debug|Any CPU
		{82CAA52A-01A6-4C5C-89B9-88DB395AA402}.Release|Any CPU.ActiveCfg = Release|Any CPU
		{82CAA52A-01A6-4C5C-89B9-88DB395AA402}.Release|Any CPU.Build.0 = Release|Any CPU
		{A58FA472-A083-4F0D-B73E-3A4ADB8345FB}.Debug|Any CPU.ActiveCfg = Debug|Any CPU
		{A58FA472-A083-4F0D-B73E-3A4ADB8345FB}.Debug|Any CPU.Build.0 = Debug|Any CPU
		{A58FA472-A083-4F0D-B73E-3A4ADB8345FB}.Release|Any CPU.ActiveCfg = Release|Any CPU
		{A58FA472-A083-4F0D-B73E-3A4ADB8345FB}.Release|Any CPU.Build.0 = Release|Any CPU
		{A9E9267E-28F8-4E0C-BCF8-CBCA88FF8B58}.Debug|Any CPU.ActiveCfg = Debug|Any CPU
		{A9E9267E-28F8-4E0C-BCF8-CBCA88FF8B58}.Debug|Any CPU.Build.0 = Debug|Any CPU
		{A9E9267E-28F8-4E0C-BCF8-CBCA88FF8B58}.Release|Any CPU.ActiveCfg = Release|Any CPU
		{A9E9267E-28F8-4E0C-BCF8-CBCA88FF8B58}.Release|Any CPU.Build.0 = Release|Any CPU
		{98638A7A-7D26-470B-82BB-60870551CAAB}.Debug|Any CPU.ActiveCfg = Debug|Any CPU
		{98638A7A-7D26-470B-82BB-60870551CAAB}.Debug|Any CPU.Build.0 = Debug|Any CPU
		{98638A7A-7D26-470B-82BB-60870551CAAB}.Release|Any CPU.ActiveCfg = Release|Any CPU
		{98638A7A-7D26-470B-82BB-60870551CAAB}.Release|Any CPU.Build.0 = Release|Any CPU
		{F3B9C08D-A119-422B-A8D9-53E6965C73B1}.Debug|Any CPU.ActiveCfg = Debug|Any CPU
		{F3B9C08D-A119-422B-A8D9-53E6965C73B1}.Debug|Any CPU.Build.0 = Debug|Any CPU
		{F3B9C08D-A119-422B-A8D9-53E6965C73B1}.Release|Any CPU.ActiveCfg = Release|Any CPU
		{F3B9C08D-A119-422B-A8D9-53E6965C73B1}.Release|Any CPU.Build.0 = Release|Any CPU
		{235D3E84-B6B2-48F9-84AC-6E3C58D53D5D}.Debug|Any CPU.ActiveCfg = Debug|Any CPU
		{235D3E84-B6B2-48F9-84AC-6E3C58D53D5D}.Debug|Any CPU.Build.0 = Debug|Any CPU
		{235D3E84-B6B2-48F9-84AC-6E3C58D53D5D}.Release|Any CPU.ActiveCfg = Release|Any CPU
		{235D3E84-B6B2-48F9-84AC-6E3C58D53D5D}.Release|Any CPU.Build.0 = Release|Any CPU
	EndGlobalSection
	GlobalSection(SolutionProperties) = preSolution
		HideSolutionNode = FALSE
	EndGlobalSection
	GlobalSection(NestedProjects) = preSolution
		{BB8353B9-DFAC-4E04-B2ED-E309F31BF2C8} = {58DEC501-FFCC-46E6-9ED3-3B7F751ECEB3}
		{0C7C2F79-36EB-4308-9F88-A93F54D5A30E} = {33BBFDB9-290D-454D-9675-1C70A2B2D0D8}
		{BFEDEF4A-CBAC-4D9A-9F98-36106D3FFFD5} = {58DEC501-FFCC-46E6-9ED3-3B7F751ECEB3}
		{2F290F6E-2084-4247-B9F2-C73E148C9DD9} = {33BBFDB9-290D-454D-9675-1C70A2B2D0D8}
		{CEE49165-E12E-4F5E-88CC-4CA317707B55} = {58DEC501-FFCC-46E6-9ED3-3B7F751ECEB3}
		{8325C315-C4E9-4878-A2BB-8C89C58336D3} = {33BBFDB9-290D-454D-9675-1C70A2B2D0D8}
		{33A35697-0C1E-414E-9866-A74ECDC0C47D} = {58DEC501-FFCC-46E6-9ED3-3B7F751ECEB3}
		{A1405205-494B-4DFA-B18C-619BD564D903} = {33BBFDB9-290D-454D-9675-1C70A2B2D0D8}
		{5A7F8C7D-E9C4-4499-8FF3-940677066D03} = {58DEC501-FFCC-46E6-9ED3-3B7F751ECEB3}
		{1180A08D-E211-45E9-842B-B68470C46BBF} = {33BBFDB9-290D-454D-9675-1C70A2B2D0D8}
		{BDAA2898-DAF0-4320-8A18-60FCE36ECC9D} = {58DEC501-FFCC-46E6-9ED3-3B7F751ECEB3}
		{64C305A9-DD3A-496D-81D3-104670FD48FC} = {33BBFDB9-290D-454D-9675-1C70A2B2D0D8}
		{FD590FD3-AFD3-4C80-93F4-C7E5EE6D3E3A} = {58DEC501-FFCC-46E6-9ED3-3B7F751ECEB3}
		{B25C8978-8A96-4199-BE74-678EE29B5213} = {33BBFDB9-290D-454D-9675-1C70A2B2D0D8}
		{FC76DA59-779C-491F-BB9F-A0EFB1AE5AD6} = {58DEC501-FFCC-46E6-9ED3-3B7F751ECEB3}
		{07747C4D-81F5-46B8-94D6-F5D87B286ECE} = {33BBFDB9-290D-454D-9675-1C70A2B2D0D8}
		{AB91B643-0B7E-46CF-A03D-CE43EE75C630} = {58DEC501-FFCC-46E6-9ED3-3B7F751ECEB3}
		{C240F931-35FC-463D-8EFB-5B644D30F7BC} = {33BBFDB9-290D-454D-9675-1C70A2B2D0D8}
		{429B8A98-855A-4BA0-A18F-2FF6C0B7D81A} = {33BBFDB9-290D-454D-9675-1C70A2B2D0D8}
		{0601CB08-819D-4CD8-811D-13EE98125D70} = {58DEC501-FFCC-46E6-9ED3-3B7F751ECEB3}
		{651E9E45-C873-47C6-89C3-6D215531B845} = {58DEC501-FFCC-46E6-9ED3-3B7F751ECEB3}
		{4F693C7D-C41B-435B-A447-F83CC5169086} = {33BBFDB9-290D-454D-9675-1C70A2B2D0D8}
		{82CAA52A-01A6-4C5C-89B9-88DB395AA402} = {58DEC501-FFCC-46E6-9ED3-3B7F751ECEB3}
		{A58FA472-A083-4F0D-B73E-3A4ADB8345FB} = {33BBFDB9-290D-454D-9675-1C70A2B2D0D8}
		{A9E9267E-28F8-4E0C-BCF8-CBCA88FF8B58} = {58DEC501-FFCC-46E6-9ED3-3B7F751ECEB3}
		{98638A7A-7D26-470B-82BB-60870551CAAB} = {33BBFDB9-290D-454D-9675-1C70A2B2D0D8}
		{F3B9C08D-A119-422B-A8D9-53E6965C73B1} = {58DEC501-FFCC-46E6-9ED3-3B7F751ECEB3}
		{235D3E84-B6B2-48F9-84AC-6E3C58D53D5D} = {33BBFDB9-290D-454D-9675-1C70A2B2D0D8}
	EndGlobalSection
	GlobalSection(ExtensibilityGlobals) = postSolution
		SolutionGuid = {3DFD5644-87D9-4824-805B-677CE19EC7C4}
	EndGlobalSection
EndGlobal
